version = 1
revision = 3
requires-python = ">=3.12"

[[package]]
name = "nvidia-cublas-cu12"
version = "12.9.1.4"
source = { registry = "https://pypi.org/simple" }
wheels = [
    { url = "https://files.pythonhosted.org/packages/82/6c/90d3f532f608a03a13c1d6c16c266ffa3828e8011b1549d3b61db2ad59f5/nvidia_cublas_cu12-12.9.1.4-py3-none-manylinux_2_27_aarch64.whl", hash = "sha256:7a950dae01add3b415a5a5cdc4ec818fb5858263e9cca59004bb99fdbbd3a5d6", size = 575006342, upload-time = "2025-06-05T20:04:16.902Z" },
    { url = "https://files.pythonhosted.org/packages/77/3c/aa88abe01f3be3d1f8f787d1d33dc83e76fec05945f9a28fbb41cfb99cd5/nvidia_cublas_cu12-12.9.1.4-py3-none-manylinux_2_27_x86_64.whl", hash = "sha256:453611eb21a7c1f2c2156ed9f3a45b691deda0440ec550860290dc901af5b4c2", size = 581242350, upload-time = "2025-06-05T20:04:51.979Z" },
    { url = "https://files.pythonhosted.org/packages/45/a1/a17fade6567c57452cfc8f967a40d1035bb9301db52f27808167fbb2be2f/nvidia_cublas_cu12-12.9.1.4-py3-none-win_amd64.whl", hash = "sha256:1e5fee10662e6e52bd71dec533fbbd4971bb70a5f24f3bc3793e5c2e9dc640bf", size = 553153899, upload-time = "2025-06-05T20:13:35.556Z" },
]

[[package]]
name = "nvidia-cuda-runtime-cu12"
version = "12.9.79"
source = { registry = "https://pypi.org/simple" }
wheels = [
    { url = "https://files.pythonhosted.org/packages/bc/e0/0279bd94539fda525e0c8538db29b72a5a8495b0c12173113471d28bce78/nvidia_cuda_runtime_cu12-12.9.79-py3-none-manylinux2014_aarch64.manylinux_2_17_aarch64.whl", hash = "sha256:83469a846206f2a733db0c42e223589ab62fd2fabac4432d2f8802de4bded0a4", size = 3515012, upload-time = "2025-06-05T20:00:35.519Z" },
    { url = "https://files.pythonhosted.org/packages/bc/46/a92db19b8309581092a3add7e6fceb4c301a3fd233969856a8cbf042cd3c/nvidia_cuda_runtime_cu12-12.9.79-py3-none-manylinux2014_x86_64.manylinux_2_17_x86_64.whl", hash = "sha256:25bba2dfb01d48a9b59ca474a1ac43c6ebf7011f1b0b8cc44f54eb6ac48a96c3", size = 3493179, upload-time = "2025-06-05T20:00:53.735Z" },
    { url = "https://files.pythonhosted.org/packages/59/df/e7c3a360be4f7b93cee39271b792669baeb3846c58a4df6dfcf187a7ffab/nvidia_cuda_runtime_cu12-12.9.79-py3-none-win_amd64.whl", hash = "sha256:8e018af8fa02363876860388bd10ccb89eb9ab8fb0aa749aaf58430a9f7c4891", size = 3591604, upload-time = "2025-06-05T20:11:17.036Z" },
]

[[package]]
name = "nvidia-cudnn-cu12"
version = "9.19.0.56"
source = { registry = "https://pypi.org/simple" }
dependencies = [
    { name = "nvidia-cublas-cu12" },
]
wheels = [
    { url = "https://files.pythonhosted.org/packages/09/b8/277c51962ee46fa3e5b203ac5f76107c650f781d6891e681e28e6f3e9fe6/nvidia_cudnn_cu12-9.19.0.56-py3-none-manylinux_2_27_aarch64.whl", hash = "sha256:08caaf27fe556aca82a3ee3b5aa49a77e7de0cfcb7ff4e5c29da426387a8267e", size = 656910700, upload-time = "2026-02-03T20:40:25.508Z" },
    { url = "https://files.pythonhosted.org/packages/c5/41/65225d42fba06fb3dd3972485ea258e7dd07a40d6e01c95da6766ad87354/nvidia_cudnn_cu12-9.19.0.56-py3-none-manylinux_2_27_x86_64.whl", hash = "sha256:ac6ad90a075bb33a94f2b4cf4622eac13dd4dc65cf6dd9c7572a318516a36625", size = 657906812, upload-time = "2026-02-03T20:44:12.638Z" },
    { url = "https://files.pythonhosted.org/packages/a7/a5/48f07449fc9c6cc146dcafe6149fa5d69630137d2ec5b7d9e09f255fadd7/nvidia_cudnn_cu12-9.19.0.56-py3-none-win_amd64.whl", hash = "sha256:cec70596b9ce878fab83810c3f5a2e606d35f510e5fee579759e4cbc68a23750", size = 644003014, upload-time = "2026-02-03T20:46:25.768Z" },
]

[[package]]
name = "runarium"
version = "0.1.0"
source = { virtual = "." }
dependencies = [
    { name = "nvidia-cublas-cu12" },
    { name = "nvidia-cuda-runtime-cu12" },
    { name = "nvidia-cudnn-cu12" },
]

[package.metadata]
requires-dist = [
    { name = "nvidia-cublas-cu12", specifier = ">=12.9.1.4" },
    { name = "nvidia-cuda-runtime-cu12", specifier = ">=12.9.79" },
    { name = "nvidia-cudnn-cu12", specifier = ">=9.19.0.56" },
]
